
Microsoft Visual Studio Solution File, Format Version 12.00
# Visual Studio Version 16
VisualStudioVersion = 16.0.31702.278
MinimumVisualStudioVersion = 10.0.40219.1
Project("{FAE04EC0-301F-11D3-BF4B-00C04F79EFBC}") = "WebApplication1", "WebApplication1.csproj", "{1EC0D0F8-DB0C-4AED-B3C5-42A82D7E7DF2}"
EndProject
Global
	GlobalSection(SolutionConfigurationPlatforms) = preSolution
		Debug|Any CPU = Debug|Any CPU
		Release|Any CPU = Release|Any CPU
	EndGlobalSection
	GlobalSection(ProjectConfigurationPlatforms) = postSolution
		{1EC0D0F8-DB0C-4AED-B3C5-42A82D7E7DF2}.Debug|Any CPU.ActiveCfg = Debug|Any CPU
		{1EC0D0F8-DB0C-4AED-B3C5-42A82D7E7DF2}.Debug|Any CPU.Build.0 = Debug|Any CPU
		{1EC0D0F8-DB0C-4AED-B3C5-42A82D7E7DF2}.Release|Any CPU.ActiveCfg = Release|Any CPU
		{1EC0D0F8-DB0C-4AED-B3C5-42A82D7E7DF2}.Release|Any CPU.Build.0 = Release|Any CPU
	EndGlobalSection
	GlobalSection(SolutionProperties) = preSolution
		HideSolutionNode = FALSE
	EndGlobalSection
	GlobalSection(ExtensibilityGlobals) = postSolution
		SolutionGuid = {B5BF4160-7943-4271-91F5-3DB24F0EED2B}
	EndGlobalSection
EndGlobal
